
Microsoft Visual Studio Solution File, Format Version 12.00
# Visual Studio Version 17
VisualStudioVersion = 17.9.34607.119
MinimumVisualStudioVersion = 10.0.40219.1
Project("{FAE04EC0-301F-11D3-BF4B-00C04F79EFBC}") = "MyWebApiApp", "MyWebApiApp\MyWebApiApp.csproj", "{324BB99D-8B97-48C7-87BB-DBF402837164}"
EndProject
Global
	GlobalSection(SolutionConfigurationPlatforms) = preSolution
		Debug|Any CPU = Debug|Any CPU
		Release|Any CPU = Release|Any CPU
	EndGlobalSection
	GlobalSection(ProjectConfigurationPlatforms) = postSolution
		{324BB99D-8B97-48C7-87BB-DBF402837164}.Debug|Any CPU.ActiveCfg = Debug|Any CPU
		{324BB99D-8B97-48C7-87BB-DBF402837164}.Debug|Any CPU.Build.0 = Debug|Any CPU
		{324BB99D-8B97-48C7-87BB-DBF402837164}.Release|Any CPU.ActiveCfg = Release|Any CPU
		{324BB99D-8B97-48C7-87BB-DBF402837164}.Release|Any CPU.Build.0 = Release|Any CPU
	EndGlobalSection
	GlobalSection(SolutionProperties) = preSolution
		HideSolutionNode = FALSE
	EndGlobalSection
	GlobalSection(ExtensibilityGlobals) = postSolution
		SolutionGuid = {7F4E6491-B7F1-4F63-B98D-83EB016A85AF}
	EndGlobalSection
EndGlobal
